
Microsoft Visual Studio Solution File, Format Version 12.00
# Visual Studio 15
VisualStudioVersion = 15.0.27703.2000
MinimumVisualStudioVersion = 10.0.40219.1
Project("{9A19103F-16F7-4668-BE54-9A1E7A4F7556}") = "Centuries To Minutes", "Centuries To Minutes\Centuries To Minutes.csproj", "{831F0AD1-79C6-4152-9A1E-F3F2C9FFE25A}"
EndProject
Project("{9A19103F-16F7-4668-BE54-9A1E7A4F7556}") = "Circle Area", "Circle Area\Circle Area.csproj", "{2DE9C9BD-B07B-4631-ADE2-D8A70F8E34E5}"
EndProject
Project("{9A19103F-16F7-4668-BE54-9A1E7A4F7556}") = "Exact Sum Of Real Numbers", "Exact Sum Of Real Numbers\Exact Sum Of Real Numbers.csproj", "{5DAA4FCD-FB7F-4332-B217-6D07B9612CB7}"
EndProject
Project("{9A19103F-16F7-4668-BE54-9A1E7A4F7556}") = "Elevator", "Elevator\Elevator.csproj", "{DC8606BB-AB6B-4AF4-B896-A46BC9F446FA}"
EndProject
Project("{9A19103F-16F7-4668-BE54-9A1E7A4F7556}") = "Special Number", "Special Number\Special Number.csproj", "{514ACA00-0BDE-4EA4-8F1D-0CD145C3A5BF}"
EndProject
Project("{9A19103F-16F7-4668-BE54-9A1E7A4F7556}") = "Triple Of Letters", "Triple Of Letters\Triple Of Letters.csproj", "{8260819E-C2B3-4686-A5A5-35AACA19304F}"
EndProject
Project("{FAE04EC0-301F-11D3-BF4B-00C04F79EFBC}") = "Greeting", "Greeting\Greeting.csproj", "{00404E99-0E43-4141-A565-7E6C518231F9}"
EndProject
Project("{FAE04EC0-301F-11D3-BF4B-00C04F79EFBC}") = "Refactor Volume Of Pyramid", "Refactor Volume Of Pyramid\Refactor Volume Of Pyramid.csproj", "{22386A28-674D-4533-9FDA-F9A9428F09A6}"
EndProject
Project("{FAE04EC0-301F-11D3-BF4B-00C04F79EFBC}") = "Refactor Special Numbers", "Refactor Special Numbers\Refactor Special Numbers.csproj", "{B3595AD7-F280-406C-86F8-CBA4BB8E7E73}"
EndProject
Global
	GlobalSection(SolutionConfigurationPlatforms) = preSolution
		Debug|Any CPU = Debug|Any CPU
		Release|Any CPU = Release|Any CPU
	EndGlobalSection
	GlobalSection(ProjectConfigurationPlatforms) = postSolution
		{831F0AD1-79C6-4152-9A1E-F3F2C9FFE25A}.Debug|Any CPU.ActiveCfg = Debug|Any CPU
		{831F0AD1-79C6-4152-9A1E-F3F2C9FFE25A}.Debug|Any CPU.Build.0 = Debug|Any CPU
		{831F0AD1-79C6-4152-9A1E-F3F2C9FFE25A}.Release|Any CPU.ActiveCfg = Release|Any CPU
		{831F0AD1-79C6-4152-9A1E-F3F2C9FFE25A}.Release|Any CPU.Build.0 = Release|Any CPU
		{2DE9C9BD-B07B-4631-ADE2-D8A70F8E34E5}.Debug|Any CPU.ActiveCfg = Debug|Any CPU
		{2DE9C9BD-B07B-4631-ADE2-D8A70F8E34E5}.Debug|Any CPU.Build.0 = Debug|Any CPU
		{2DE9C9BD-B07B-4631-ADE2-D8A70F8E34E5}.Release|Any CPU.ActiveCfg = Release|Any CPU
		{2DE9C9BD-B07B-4631-ADE2-D8A70F8E34E5}.Release|Any CPU.Build.0 = Release|Any CPU
		{5DAA4FCD-FB7F-4332-B217-6D07B9612CB7}.Debug|Any CPU.ActiveCfg = Debug|Any CPU
		{5DAA4FCD-FB7F-4332-B217-6D07B9612CB7}.Debug|Any CPU.Build.0 = Debug|Any CPU
		{5DAA4FCD-FB7F-4332-B217-6D07B9612CB7}.Release|Any CPU.ActiveCfg = Release|Any CPU
		{5DAA4FCD-FB7F-4332-B217-6D07B9612CB7}.Release|Any CPU.Build.0 = Release|Any CPU
		{DC8606BB-AB6B-4AF4-B896-A46BC9F446FA}.Debug|Any CPU.ActiveCfg = Debug|Any CPU
		{DC8606BB-AB6B-4AF4-B896-A46BC9F446FA}.Debug|Any CPU.Build.0 = Debug|Any CPU
		{DC8606BB-AB6B-4AF4-B896-A46BC9F446FA}.Release|Any CPU.ActiveCfg = Release|Any CPU
		{DC8606BB-AB6B-4AF4-B896-A46BC9F446FA}.Release|Any CPU.Build.0 = Release|Any CPU
		{514ACA00-0BDE-4EA4-8F1D-0CD145C3A5BF}.Debug|Any CPU.ActiveCfg = Debug|Any CPU
		{514ACA00-0BDE-4EA4-8F1D-0CD145C3A5BF}.Debug|Any CPU.Build.0 = Debug|Any CPU
		{514ACA00-0BDE-4EA4-8F1D-0CD145C3A5BF}.Release|Any CPU.ActiveCfg = Release|Any CPU
		{514ACA00-0BDE-4EA4-8F1D-0CD145C3A5BF}.Release|Any CPU.Build.0 = Release|Any CPU
		{8260819E-C2B3-4686-A5A5-35AACA19304F}.Debug|Any CPU.ActiveCfg = Debug|Any CPU
		{8260819E-C2B3-4686-A5A5-35AACA19304F}.Debug|Any CPU.Build.0 = Debug|Any CPU
		{8260819E-C2B3-4686-A5A5-35AACA19304F}.Release|Any CPU.ActiveCfg = Release|Any CPU
		{8260819E-C2B3-4686-A5A5-35AACA19304F}.Release|Any CPU.Build.0 = Release|Any CPU
		{00404E99-0E43-4141-A565-7E6C518231F9}.Debug|Any CPU.ActiveCfg = Debug|Any CPU
		{00404E99-0E43-4141-A565-7E6C518231F9}.Debug|Any CPU.Build.0 = Debug|Any CPU
		{00404E99-0E43-4141-A565-7E6C518231F9}.Release|Any CPU.ActiveCfg = Release|Any CPU
		{00404E99-0E43-4141-A565-7E6C518231F9}.Release|Any CPU.Build.0 = Release|Any CPU
		{22386A28-674D-4533-9FDA-F9A9428F09A6}.Debug|Any CPU.ActiveCfg = Debug|Any CPU
		{22386A28-674D-4533-9FDA-F9A9428F09A6}.Debug|Any CPU.Build.0 = Debug|Any CPU
		{22386A28-674D-4533-9FDA-F9A9428F09A6}.Release|Any CPU.ActiveCfg = Release|Any CPU
		{22386A28-674D-4533-9FDA-F9A9428F09A6}.Release|Any CPU.Build.0 = Release|Any CPU
		{B3595AD7-F280-406C-86F8-CBA4BB8E7E73}.Debug|Any CPU.ActiveCfg = Debug|Any CPU
		{B3595AD7-F280-406C-86F8-CBA4BB8E7E73}.Debug|Any CPU.Build.0 = Debug|Any CPU
		{B3595AD7-F280-406C-86F8-CBA4BB8E7E73}.Release|Any CPU.ActiveCfg = Release|Any CPU
		{B3595AD7-F280-406C-86F8-CBA4BB8E7E73}.Release|Any CPU.Build.0 = Release|Any CPU
	EndGlobalSection
	GlobalSection(SolutionProperties) = preSolution
		HideSolutionNode = FALSE
	EndGlobalSection
	GlobalSection(ExtensibilityGlobals) = postSolution
		SolutionGuid = {A527868D-D2AA-4064-BE0A-3102DE27B7BA}
	EndGlobalSection
EndGlobal
